
Microsoft Visual Studio Solution File, Format Version 12.00
# Visual Studio Version 17
VisualStudioVersion = 17.3.32825.248
MinimumVisualStudioVersion = 10.0.40219.1
Project("{FAE04EC0-301F-11D3-BF4B-00C04F79EFBC}") = "ConsoleApp11", "ConsoleApp11\ConsoleApp11.csproj", "{B60CB75D-E0D2-4725-A608-AAA1EFA9A3F8}"
EndProject
Global
	GlobalSection(SolutionConfigurationPlatforms) = preSolution
		Debug|Any CPU = Debug|Any CPU
		Release|Any CPU = Release|Any CPU
	EndGlobalSection
	GlobalSection(ProjectConfigurationPlatforms) = postSolution
		{B60CB75D-E0D2-4725-A608-AAA1EFA9A3F8}.Debug|Any CPU.ActiveCfg = Debug|Any CPU
		{B60CB75D-E0D2-4725-A608-AAA1EFA9A3F8}.Debug|Any CPU.Build.0 = Debug|Any CPU
		{B60CB75D-E0D2-4725-A608-AAA1EFA9A3F8}.Release|Any CPU.ActiveCfg = Release|Any CPU
		{B60CB75D-E0D2-4725-A608-AAA1EFA9A3F8}.Release|Any CPU.Build.0 = Release|Any CPU
	EndGlobalSection
	GlobalSection(SolutionProperties) = preSolution
		HideSolutionNode = FALSE
	EndGlobalSection
	GlobalSection(ExtensibilityGlobals) = postSolution
		SolutionGuid = {2890FDDF-C14D-4C48-AEE9-79305917D758}
	EndGlobalSection
EndGlobal
